
Microsoft Visual Studio Solution File, Format Version 12.00
# Visual Studio Version 17
VisualStudioVersion = 17.9.34723.18
MinimumVisualStudioVersion = 10.0.40219.1
Project("{FAE04EC0-301F-11D3-BF4B-00C04F79EFBC}") = "RedmineServer", "RedmineServer\RedmineServer.csproj", "{34A6F856-5FED-4498-8A81-E9F2CEA90F9E}"
EndProject
Global
	GlobalSection(SolutionConfigurationPlatforms) = preSolution
		Debug|Any CPU = Debug|Any CPU
		Release|Any CPU = Release|Any CPU
	EndGlobalSection
	GlobalSection(ProjectConfigurationPlatforms) = postSolution
		{34A6F856-5FED-4498-8A81-E9F2CEA90F9E}.Debug|Any CPU.ActiveCfg = Debug|Any CPU
		{34A6F856-5FED-4498-8A81-E9F2CEA90F9E}.Debug|Any CPU.Build.0 = Debug|Any CPU
		{34A6F856-5FED-4498-8A81-E9F2CEA90F9E}.Release|Any CPU.ActiveCfg = Release|Any CPU
		{34A6F856-5FED-4498-8A81-E9F2CEA90F9E}.Release|Any CPU.Build.0 = Release|Any CPU
	EndGlobalSection
	GlobalSection(SolutionProperties) = preSolution
		HideSolutionNode = FALSE
	EndGlobalSection
	GlobalSection(ExtensibilityGlobals) = postSolution
		SolutionGuid = {835AD22C-600C-425C-A35D-F3077ADB8FC3}
	EndGlobalSection
EndGlobal
