
Microsoft Visual Studio Solution File, Format Version 12.00
# Visual Studio Version 17
VisualStudioVersion = 17.9.34723.18
MinimumVisualStudioVersion = 10.0.40219.1
Project("{FAE04EC0-301F-11D3-BF4B-00C04F79EFBC}") = "RedmineServer", "RedmineServer\RedmineServer.csproj", "{34A6F856-5FED-4498-8A81-E9F2CEA90F9E}"
EndProject
Project("{2150E333-8FDC-42A3-9474-1A3956D46DE8}") = "RedmineClient", "RedmineClient", "{6364288C-7F14-4EF7-A78B-EAFA0BEEB32F}"
EndProject
Project("{FAE04EC0-301F-11D3-BF4B-00C04F79EFBC}") = "BlazorClient", "RedmineClient\BlazorClient\BlazorClient.csproj", "{C64BCEB1-7988-4A72-821E-81D9314AED2B}"
EndProject
Project("{FAE04EC0-301F-11D3-BF4B-00C04F79EFBC}") = "webAppClient", "..\RedmineClient\webAppClient\webAppClient.csproj", "{7F50D058-269E-4ADD-8D3E-B5516C3085EE}"
EndProject
Project("{FAE04EC0-301F-11D3-BF4B-00C04F79EFBC}") = "BlazorApp", "..\RedmineClient\BlazorApp\BlazorApp.csproj", "{5FD5EB8E-037A-4DF6-B88D-E251484F1A4A}"
EndProject
Project("{FAE04EC0-301F-11D3-BF4B-00C04F79EFBC}") = "BlazorClient", "..\RedmineClient\BlazorClient\BlazorClient.csproj", "{F317D934-8E28-49EC-80B8-E93FEAB849F2}"
EndProject
Global
	GlobalSection(SolutionConfigurationPlatforms) = preSolution
		Debug|Any CPU = Debug|Any CPU
		Release|Any CPU = Release|Any CPU
	EndGlobalSection
	GlobalSection(ProjectConfigurationPlatforms) = postSolution
		{34A6F856-5FED-4498-8A81-E9F2CEA90F9E}.Debug|Any CPU.ActiveCfg = Debug|Any CPU
		{34A6F856-5FED-4498-8A81-E9F2CEA90F9E}.Debug|Any CPU.Build.0 = Debug|Any CPU
		{34A6F856-5FED-4498-8A81-E9F2CEA90F9E}.Release|Any CPU.ActiveCfg = Release|Any CPU
		{34A6F856-5FED-4498-8A81-E9F2CEA90F9E}.Release|Any CPU.Build.0 = Release|Any CPU
		{C64BCEB1-7988-4A72-821E-81D9314AED2B}.Debug|Any CPU.ActiveCfg = Debug|Any CPU
		{C64BCEB1-7988-4A72-821E-81D9314AED2B}.Debug|Any CPU.Build.0 = Debug|Any CPU
		{C64BCEB1-7988-4A72-821E-81D9314AED2B}.Release|Any CPU.ActiveCfg = Release|Any CPU
		{C64BCEB1-7988-4A72-821E-81D9314AED2B}.Release|Any CPU.Build.0 = Release|Any CPU
		{7F50D058-269E-4ADD-8D3E-B5516C3085EE}.Debug|Any CPU.ActiveCfg = Debug|Any CPU
		{7F50D058-269E-4ADD-8D3E-B5516C3085EE}.Debug|Any CPU.Build.0 = Debug|Any CPU
		{7F50D058-269E-4ADD-8D3E-B5516C3085EE}.Release|Any CPU.ActiveCfg = Release|Any CPU
		{7F50D058-269E-4ADD-8D3E-B5516C3085EE}.Release|Any CPU.Build.0 = Release|Any CPU
		{5FD5EB8E-037A-4DF6-B88D-E251484F1A4A}.Debug|Any CPU.ActiveCfg = Debug|Any CPU
		{5FD5EB8E-037A-4DF6-B88D-E251484F1A4A}.Debug|Any CPU.Build.0 = Debug|Any CPU
		{5FD5EB8E-037A-4DF6-B88D-E251484F1A4A}.Release|Any CPU.ActiveCfg = Release|Any CPU
		{5FD5EB8E-037A-4DF6-B88D-E251484F1A4A}.Release|Any CPU.Build.0 = Release|Any CPU
		{F317D934-8E28-49EC-80B8-E93FEAB849F2}.Debug|Any CPU.ActiveCfg = Debug|Any CPU
		{F317D934-8E28-49EC-80B8-E93FEAB849F2}.Debug|Any CPU.Build.0 = Debug|Any CPU
		{F317D934-8E28-49EC-80B8-E93FEAB849F2}.Release|Any CPU.ActiveCfg = Release|Any CPU
		{F317D934-8E28-49EC-80B8-E93FEAB849F2}.Release|Any CPU.Build.0 = Release|Any CPU
	EndGlobalSection
	GlobalSection(SolutionProperties) = preSolution
		HideSolutionNode = FALSE
	EndGlobalSection
	GlobalSection(ExtensibilityGlobals) = postSolution
		SolutionGuid = {835AD22C-600C-425C-A35D-F3077ADB8FC3}
	EndGlobalSection
	GlobalSection(NestedProjects) = preSolution
		{C64BCEB1-7988-4A72-821E-81D9314AED2B} = {6364288C-7F14-4EF7-A78B-EAFA0BEEB32F}
	EndGlobalSection
EndGlobal
